<?xml version="1.0" encoding="utf-8"?>
<Project ToolsVersion="4.0" xmlns="http://schemas.microsoft.com/developer/msbuild/2003">
  <ItemGroup>
    <Filter Include="Source Files">
      <UniqueIdentifier>{4FC737F1-C7A5-4376-A066-2A32D752A2FF}</UniqueIdentifier>
      <Extensions>cpp;c;cc;cxx;def;odl;idl;hpj;bat;asm;asmx</Extensions>
    </Filter>
    <Filter Include="Header Files">
      <UniqueIdentifier>{93995380-89BD-4b04-88EB-625FBE52EBFB}</UniqueIdentifier>
      <Extensions>h;hh;hpp;hxx;hm;inl;inc;xsd</Extensions>
    </Filter>
    <Filter Include="Resource Files">
      <UniqueIdentifier>{67DA6AB6-F800-4c08-8B7A-83BB121AAD01}</UniqueIdentifier>
      <Extensions>rc;ico;cur;bmp;dlg;rc2;rct;bin;rgs;gif;jpg;jpeg;jpe;resx;tiff;tif;png;wav</Extensions>
    </Filter>
  </ItemGroup>
  <ItemGroup>
    <ClCompile Include="main.cpp">
      <Filter>Source Files</Filter>
    </ClCompile>
    <ClCompile Include="behaviours\Behaviour.cpp">
      <Filter>Source Files</Filter>
    </ClCompile>
    <ClCompile Include="behaviours\getBehaviour.cpp">
      <Filter>Source Files</Filter>
    </ClCompile>
    <ClCompile Include="behaviours\getOutput.cpp">
      <Filter>Source Files</Filter>
    </ClCompile>
    <ClCompile Include="behaviours\Output.cpp">
      <Filter>Source Files</Filter>
    </ClCompile>
    <ClCompile Include="core\Core.cpp">
      <Filter>Source Files</Filter>
    </ClCompile>
    <ClCompile Include="core\Machine.cpp">
      <Filter>Source Files</Filter>
    </ClCompile>
  </ItemGroup>
  <ItemGroup>
    <ClInclude Include="behaviours\Behaviour.hpp">
      <Filter>Header Files</Filter>
    </ClInclude>
    <ClInclude Include="behaviours\Message.hpp">
      <Filter>Header Files</Filter>
    </ClInclude>
    <ClInclude Include="behaviours\Output.hpp">
      <Filter>Header Files</Filter>
    </ClInclude>
    <ClInclude Include="behaviours\b-000\B-000.hpp">
      <Filter>Header Files</Filter>
    </ClInclude>
    <ClInclude Include="core\Core.hpp">
      <Filter>Header Files</Filter>
    </ClInclude>
    <ClInclude Include="core\Machine.hpp">
      <Filter>Header Files</Filter>
    </ClInclude>
    <ClInclude Include="core\Tree.hpp">
      <Filter>Header Files</Filter>
    </ClInclude>
    <ClInclude Include="utils\Random.hpp">
      <Filter>Header Files</Filter>
    </ClInclude>
    <ClInclude Include="utils\StateValue.hpp">
      <Filter>Header Files</Filter>
    </ClInclude>
    <ClInclude Include="Behaviours\B-102\S-102-00.hpp">
      <Filter>Header Files</Filter>
    </ClInclude>
    <ClInclude Include="Behaviours\B-102\B-102.hpp">
      <Filter>Header Files</Filter>
    </ClInclude>
    <ClInclude Include="Behaviours\B-100\B-100.hpp">
      <Filter>Header Files</Filter>
    </ClInclude>
    <ClInclude Include="Behaviours\B-100\S-100-00.hpp">
      <Filter>Header Files</Filter>
    </ClInclude>
    <ClInclude Include="Behaviours\T-01\B-100\B-100.hpp">
      <Filter>Header Files</Filter>
    </ClInclude>
    <ClInclude Include="Behaviours\T-01\B-100\S-100-00.hpp">
      <Filter>Header Files</Filter>
    </ClInclude>
    <ClInclude Include="Behaviours\T-01\B-100\S-100-01.hpp">
      <Filter>Header Files</Filter>
    </ClInclude>
    <ClInclude Include="Behaviours\T-01\B-101\B-101.hpp">
      <Filter>Header Files</Filter>
    </ClInclude>
    <ClInclude Include="Behaviours\T-01\B-101\S-101-00.hpp">
      <Filter>Header Files</Filter>
    </ClInclude>
    <ClInclude Include="Behaviours\T-01\B-102\B-102.hpp">
      <Filter>Header Files</Filter>
    </ClInclude>
    <ClInclude Include="Behaviours\T-01\B-102\S-102-00.hpp">
      <Filter>Header Files</Filter>
    </ClInclude>
    <ClInclude Include="Behaviours\T-01\B-103\B-103.hpp">
      <Filter>Header Files</Filter>
    </ClInclude>
    <ClInclude Include="Behaviours\T-01\B-103\S-103-00.hpp">
      <Filter>Header Files</Filter>
    </ClInclude>
    <ClInclude Include="Behaviours\T-01\B-104\B-104.hpp">
      <Filter>Header Files</Filter>
    </ClInclude>
    <ClInclude Include="Behaviours\T-01\B-104\S-104-00.hpp">
      <Filter>Header Files</Filter>
    </ClInclude>
    <ClInclude Include="Behaviours\T-01\B-105\B-105.hpp">
      <Filter>Header Files</Filter>
    </ClInclude>
    <ClInclude Include="Behaviours\T-01\B-105\S-105-00.hpp">
      <Filter>Header Files</Filter>
    </ClInclude>
    <ClInclude Include="Behaviours\T-01\B-106\B-106.hpp">
      <Filter>Header Files</Filter>
    </ClInclude>
    <ClInclude Include="Behaviours\T-01\B-106\S-106-00.hpp">
      <Filter>Header Files</Filter>
    </ClInclude>
    <ClInclude Include="Behaviours\T-01\B-107\B-107.hpp">
      <Filter>Header Files</Filter>
    </ClInclude>
    <ClInclude Include="Behaviours\T-01\B-107\S-107-00.hpp">
      <Filter>Header Files</Filter>
    </ClInclude>
    <ClInclude Include="Behaviours\T-01\B-108\B-108.hpp">
      <Filter>Header Files</Filter>
    </ClInclude>
    <ClInclude Include="Behaviours\T-01\B-108\S-108-00.hpp">
      <Filter>Header Files</Filter>
    </ClInclude>
    <ClInclude Include="Behaviours\T-01\B-109\B-109.hpp">
      <Filter>Header Files</Filter>
    </ClInclude>
    <ClInclude Include="Behaviours\T-01\B-109\S-109-00.hpp">
      <Filter>Header Files</Filter>
    </ClInclude>
    <ClInclude Include="Behaviours\T-01\B-110\B-110.hpp">
      <Filter>Header Files</Filter>
    </ClInclude>
    <ClInclude Include="Behaviours\T-01\B-110\S-110-00.hpp">
      <Filter>Header Files</Filter>
    </ClInclude>
    <ClInclude Include="Behaviours\T-01\B-111\B-111.hpp">
      <Filter>Header Files</Filter>
    </ClInclude>
    <ClInclude Include="Behaviours\T-01\B-111\S-111-00.hpp">
      <Filter>Header Files</Filter>
    </ClInclude>
    <ClInclude Include="Behaviours\T-01\B-112\B-112.hpp">
      <Filter>Header Files</Filter>
    </ClInclude>
    <ClInclude Include="Behaviours\T-01\B-112\S-112-00.hpp">
      <Filter>Header Files</Filter>
    </ClInclude>
    <ClInclude Include="Behaviours\T-01\B-113\B-113.hpp">
      <Filter>Header Files</Filter>
    </ClInclude>
    <ClInclude Include="Behaviours\T-01\B-113\S-113-00.hpp">
      <Filter>Header Files</Filter>
    </ClInclude>
    <ClInclude Include="Behaviours\T-02\B-200\B-200.hpp">
      <Filter>Header Files</Filter>
    </ClInclude>
    <ClInclude Include="Behaviours\T-02\B-200\S-200-00.hpp">
      <Filter>Header Files</Filter>
    </ClInclude>
    <ClInclude Include="Behaviours\T-02\B-201\B-201.hpp">
      <Filter>Header Files</Filter>
    </ClInclude>
    <ClInclude Include="Behaviours\T-02\B-201\S-201-00.hpp">
      <Filter>Header Files</Filter>
    </ClInclude>
    <ClInclude Include="Behaviours\T-02\B-201\S-201-01.hpp">
      <Filter>Header Files</Filter>
    </ClInclude>
    <ClInclude Include="Behaviours\T-02\B-202\B-202.hpp">
      <Filter>Header Files</Filter>
    </ClInclude>
    <ClInclude Include="Behaviours\T-02\B-202\S-202-00.hpp">
      <Filter>Header Files</Filter>
    </ClInclude>
    <ClInclude Include="Behaviours\T-02\B-203\B-203.hpp">
      <Filter>Header Files</Filter>
    </ClInclude>
    <ClInclude Include="Behaviours\T-02\B-203\S-203-00.hpp">
      <Filter>Header Files</Filter>
    </ClInclude>
    <ClInclude Include="Behaviours\T-02\B-204\B-204.hpp">
      <Filter>Header Files</Filter>
    </ClInclude>
    <ClInclude Include="Behaviours\T-02\B-204\S-204-00.hpp">
      <Filter>Header Files</Filter>
    </ClInclude>
    <ClInclude Include="Behaviours\T-02\B-205\B-205.hpp">
      <Filter>Header Files</Filter>
    </ClInclude>
    <ClInclude Include="Behaviours\T-02\B-205\S-205-00.hpp">
      <Filter>Header Files</Filter>
    </ClInclude>
    <ClInclude Include="Behaviours\T-02\B-206\B-206.hpp">
      <Filter>Header Files</Filter>
    </ClInclude>
    <ClInclude Include="Behaviours\T-02\B-206\S-206-00.hpp">
      <Filter>Header Files</Filter>
    </ClInclude>
    <ClInclude Include="Behaviours\T-02\B-207\B-207.hpp">
      <Filter>Header Files</Filter>
    </ClInclude>
    <ClInclude Include="Behaviours\T-02\B-207\S-207-00.hpp">
      <Filter>Header Files</Filter>
    </ClInclude>
    <ClInclude Include="Behaviours\T-02\B-208\B-208.hpp">
      <Filter>Header Files</Filter>
    </ClInclude>
    <ClInclude Include="Behaviours\T-02\B-208\S-208-00.hpp">
      <Filter>Header Files</Filter>
    </ClInclude>
    <ClInclude Include="Behaviours\T-02\B-209\S-209-00.hpp">
      <Filter>Header Files</Filter>
    </ClInclude>
    <ClInclude Include="Behaviours\T-02\B-210\B-210.hpp">
      <Filter>Header Files</Filter>
    </ClInclude>
    <ClInclude Include="Behaviours\T-02\B-210\S-210-00.hpp">
      <Filter>Header Files</Filter>
    </ClInclude>
    <ClInclude Include="Behaviours\T-02\B-211\B-211.hpp">
      <Filter>Header Files</Filter>
    </ClInclude>
    <ClInclude Include="Behaviours\T-02\B-211\S-211-00.hpp">
      <Filter>Header Files</Filter>
    </ClInclude>
    <ClInclude Include="Behaviours\T-02\B-212\B-212.hpp">
      <Filter>Header Files</Filter>
    </ClInclude>
    <ClInclude Include="Behaviours\T-02\B-212\S-212-00.hpp">
      <Filter>Header Files</Filter>
    </ClInclude>
    <ClInclude Include="Behaviours\T-02\B-213\B-213.hpp">
      <Filter>Header Files</Filter>
    </ClInclude>
    <ClInclude Include="Behaviours\T-02\B-213\S-213-00.hpp">
      <Filter>Header Files</Filter>
    </ClInclude>
    <ClInclude Include="Behaviours\T-02\B-214\B-214.hpp">
      <Filter>Header Files</Filter>
    </ClInclude>
    <ClInclude Include="Behaviours\T-02\B-214\S-214-00.hpp">
      <Filter>Header Files</Filter>
    </ClInclude>
    <ClInclude Include="Behaviours\T-02\B-215\B-215.hpp">
      <Filter>Header Files</Filter>
    </ClInclude>
    <ClInclude Include="Behaviours\T-02\B-215\S-215-00.hpp">
      <Filter>Header Files</Filter>
    </ClInclude>
    <ClInclude Include="Behaviours\T-02\B-216\B-216.hpp">
      <Filter>Header Files</Filter>
    </ClInclude>
    <ClInclude Include="Behaviours\T-02\B-216\S-216-00.hpp">
      <Filter>Header Files</Filter>
    </ClInclude>
    <ClInclude Include="Behaviours\T-02\B-217\B-217.hpp">
      <Filter>Header Files</Filter>
    </ClInclude>
    <ClInclude Include="Behaviours\T-02\B-217\S-217-00.hpp">
      <Filter>Header Files</Filter>
    </ClInclude>
    <ClInclude Include="Behaviours\T-02\B-218\B-218.hpp">
      <Filter>Header Files</Filter>
    </ClInclude>
    <ClInclude Include="Behaviours\T-02\B-218\S-218-00.hpp">
      <Filter>Header Files</Filter>
    </ClInclude>
    <ClInclude Include="Behaviours\T-02\B-219\B-219.hpp">
      <Filter>Header Files</Filter>
    </ClInclude>
    <ClInclude Include="Behaviours\T-02\B-219\S-219-00.hpp">
      <Filter>Header Files</Filter>
    </ClInclude>
    <ClInclude Include="Behaviours\T-02\B-220\B-220.hpp">
      <Filter>Header Files</Filter>
    </ClInclude>
    <ClInclude Include="Behaviours\T-02\B-220\S-220-00.hpp">
      <Filter>Header Files</Filter>
    </ClInclude>
    <ClInclude Include="Behaviours\T-02\B-221\B-221.hpp">
      <Filter>Header Files</Filter>
    </ClInclude>
    <ClInclude Include="Behaviours\T-02\B-221\S-221-00.hpp">
      <Filter>Header Files</Filter>
    </ClInclude>
    <ClInclude Include="main.hpp">
      <Filter>Header Files</Filter>
    </ClInclude>
    <ClInclude Include="Behaviours\T-04\B-400\B-400.hpp">
      <Filter>Header Files</Filter>
    </ClInclude>
    <ClInclude Include="Behaviours\T-04\B-400\S-400-00.hpp">
      <Filter>Header Files</Filter>
    </ClInclude>
    <ClInclude Include="Behaviours\T-04\B-401\B-401.hpp">
      <Filter>Header Files</Filter>
    </ClInclude>
    <ClInclude Include="Behaviours\T-04\B-401\S-401-00.hpp">
      <Filter>Header Files</Filter>
    </ClInclude>
    <ClInclude Include="Behaviours\T-04\B-402\B-402.hpp">
      <Filter>Header Files</Filter>
    </ClInclude>
    <ClInclude Include="Behaviours\T-04\B-402\S-402-00.hpp">
      <Filter>Header Files</Filter>
    </ClInclude>
    <ClInclude Include="Behaviours\T-04\B-403\B-403.hpp">
      <Filter>Header Files</Filter>
    </ClInclude>
    <ClInclude Include="Behaviours\T-04\B-403\S-403-00.hpp">
      <Filter>Header Files</Filter>
    </ClInclude>
    <ClInclude Include="Behaviours\T-04\B-404\B-404.hpp">
      <Filter>Header Files</Filter>
    </ClInclude>
    <ClInclude Include="Behaviours\T-04\B-404\S-404-00.hpp">
      <Filter>Header Files</Filter>
    </ClInclude>
    <ClInclude Include="Behaviours\T-04\B-405\B-405.hpp">
      <Filter>Header Files</Filter>
    </ClInclude>
    <ClInclude Include="Behaviours\T-04\B-405\S-405-00.hpp">
      <Filter>Header Files</Filter>
    </ClInclude>
    <ClInclude Include="Behaviours\T-04\B-406\B-406.hpp">
      <Filter>Header Files</Filter>
    </ClInclude>
    <ClInclude Include="Behaviours\T-04\B-406\S-406-00.hpp">
      <Filter>Header Files</Filter>
    </ClInclude>
    <ClInclude Include="Utils\AccessibleValues.hpp">
      <Filter>Header Files</Filter>
    </ClInclude>
    <ClInclude Include="Behaviours\T-09\B-900\B-900.hpp">
      <Filter>Header Files</Filter>
    </ClInclude>
    <ClInclude Include="Behaviours\T-09\B-900\S-900-00.hpp">
      <Filter>Header Files</Filter>
    </ClInclude>
    <ClInclude Include="Behaviours\T-09\B-901\B-901.hpp">
      <Filter>Header Files</Filter>
    </ClInclude>
    <ClInclude Include="Behaviours\T-09\B-901\S-901-00.hpp">
      <Filter>Header Files</Filter>
    </ClInclude>
    <ClInclude Include="Behaviours\T-09\B-902\B-902.hpp">
      <Filter>Header Files</Filter>
    </ClInclude>
    <ClInclude Include="Behaviours\T-09\B-902\S-902-00.hpp">
      <Filter>Header Files</Filter>
    </ClInclude>
    <ClInclude Include="Behaviours\T-02\B-200\S-200-01.hpp">
      <Filter>Header Files</Filter>
    </ClInclude>
    <ClInclude Include="Behaviours\T-02\B-200\S-200-02.hpp">
      <Filter>Header Files</Filter>
    </ClInclude>
    <ClInclude Include="Behaviours\T-12\B-1200\B-1200.hpp">
      <Filter>Header Files</Filter>
    </ClInclude>
    <ClInclude Include="Behaviours\T-12\B-1200\S-1200-00.hpp">
      <Filter>Header Files</Filter>
    </ClInclude>
    <ClInclude Include="Behaviours\T-12\B-1201\B-1201.hpp">
      <Filter>Header Files</Filter>
    </ClInclude>
    <ClInclude Include="Behaviours\T-12\B-1201\S-1201-00.hpp">
      <Filter>Header Files</Filter>
    </ClInclude>
    <ClInclude Include="Behaviours\T-12\B-1202\B-1202.hpp">
      <Filter>Header Files</Filter>
    </ClInclude>
    <ClInclude Include="Behaviours\T-12\B-1202\S-1202-00.hpp">
      <Filter>Header Files</Filter>
    </ClInclude>
    <ClInclude Include="Behaviours\T-07\B-700\B-700.hpp">
      <Filter>Header Files</Filter>
    </ClInclude>
    <ClInclude Include="Behaviours\T-07\B-700\S-700-00.hpp">
      <Filter>Header Files</Filter>
    </ClInclude>
    <ClInclude Include="Behaviours\T-07\B-701\B-701.hpp">
      <Filter>Header Files</Filter>
    </ClInclude>
    <ClInclude Include="Behaviours\T-07\B-701\S-701-00.hpp">
      <Filter>Header Files</Filter>
    </ClInclude>
    <ClInclude Include="Behaviours\T-03\B-300\B-300.hpp">
      <Filter>Header Files</Filter>
    </ClInclude>
    <ClInclude Include="Behaviours\T-03\B-300\S-300-00.hpp">
      <Filter>Header Files</Filter>
    </ClInclude>
    <ClInclude Include="Behaviours\T-03\B-301\B-301.hpp">
      <Filter>Header Files</Filter>
    </ClInclude>
    <ClInclude Include="Behaviours\T-03\B-301\S-301-00.hpp">
      <Filter>Header Files</Filter>
    </ClInclude>
    <ClInclude Include="Behaviours\T-03\B-302\B-302.hpp">
      <Filter>Header Files</Filter>
    </ClInclude>
    <ClInclude Include="Behaviours\T-03\B-302\S-302-00.hpp">
      <Filter>Header Files</Filter>
    </ClInclude>
    <ClInclude Include="Behaviours\T-03\B-303\B-303.hpp">
      <Filter>Header Files</Filter>
    </ClInclude>
    <ClInclude Include="Behaviours\T-03\B-303\S-303-00.hpp">
      <Filter>Header Files</Filter>
    </ClInclude>
    <ClInclude Include="Behaviours\T-03\B-304\B-304.hpp">
      <Filter>Header Files</Filter>
    </ClInclude>
    <ClInclude Include="Behaviours\T-03\B-304\S-304-00.hpp">
      <Filter>Header Files</Filter>
    </ClInclude>
    <ClInclude Include="Behaviours\T-03\B-304\S-304-01.hpp">
      <Filter>Header Files</Filter>
    </ClInclude>
    <ClInclude Include="Behaviours\T-03\B-305\B-305.hpp">
      <Filter>Header Files</Filter>
    </ClInclude>
    <ClInclude Include="Behaviours\T-03\B-305\S-305-00.hpp">
      <Filter>Header Files</Filter>
    </ClInclude>
    <ClInclude Include="Behaviours\T-03\B-306\B-306.hpp">
      <Filter>Header Files</Filter>
    </ClInclude>
    <ClInclude Include="Behaviours\T-03\B-306\S-306-00.hpp">
      <Filter>Header Files</Filter>
    </ClInclude>
    <ClInclude Include="Behaviours\T-03\B-307\B-307.hpp">
      <Filter>Header Files</Filter>
    </ClInclude>
    <ClInclude Include="Behaviours\T-03\B-307\S-307-00.hpp">
      <Filter>Header Files</Filter>
    </ClInclude>
    <ClInclude Include="Behaviours\T-03\B-307\S-307-01.hpp">
      <Filter>Header Files</Filter>
    </ClInclude>
    <ClInclude Include="Behaviours\T-03\B-308\B-308.hpp">
      <Filter>Header Files</Filter>
    </ClInclude>
    <ClInclude Include="Behaviours\T-03\B-308\S-308-00.hpp">
      <Filter>Header Files</Filter>
    </ClInclude>
    <ClInclude Include="Behaviours\T-03\B-309\B-309.hpp">
      <Filter>Header Files</Filter>
    </ClInclude>
    <ClInclude Include="Behaviours\T-03\B-309\S-309-00.hpp">
      <Filter>Header Files</Filter>
    </ClInclude>
    <ClInclude Include="Behaviours\T-03\B-310\B-310.hpp">
      <Filter>Header Files</Filter>
    </ClInclude>
    <ClInclude Include="Behaviours\T-03\B-310\S-310-00.hpp">
      <Filter>Header Files</Filter>
    </ClInclude>
    <ClInclude Include="Behaviours\T-03\B-311\B-311.hpp">
      <Filter>Header Files</Filter>
    </ClInclude>
    <ClInclude Include="Behaviours\T-03\B-311\S-311-00.hpp">
      <Filter>Header Files</Filter>
    </ClInclude>
    <ClInclude Include="Behaviours\T-03\B-312\B-312.hpp">
      <Filter>Header Files</Filter>
    </ClInclude>
    <ClInclude Include="Behaviours\T-03\B-312\S-312-00.hpp">
      <Filter>Header Files</Filter>
    </ClInclude>
    <ClInclude Include="Behaviours\T-03\B-313\B-313.hpp">
      <Filter>Header Files</Filter>
    </ClInclude>
    <ClInclude Include="Behaviours\T-03\B-313\S-313-00.hpp">
      <Filter>Header Files</Filter>
    </ClInclude>
    <ClInclude Include="Behaviours\T-03\B-314\B-314.hpp">
      <Filter>Header Files</Filter>
    </ClInclude>
    <ClInclude Include="Behaviours\T-03\B-314\S-314-00.hpp">
      <Filter>Header Files</Filter>
    </ClInclude>
    <ClInclude Include="Behaviours\T-03\B-315\B-315.hpp">
      <Filter>Header Files</Filter>
    </ClInclude>
    <ClInclude Include="Behaviours\T-03\B-315\S-315-00.hpp">
      <Filter>Header Files</Filter>
    </ClInclude>
    <ClInclude Include="Behaviours\T-03\B-316\B-316.hpp">
      <Filter>Header Files</Filter>
    </ClInclude>
    <ClInclude Include="Behaviours\T-03\B-316\S-316-00.hpp">
      <Filter>Header Files</Filter>
    </ClInclude>
    <ClInclude Include="Behaviours\T-03\B-317\B-317.hpp">
      <Filter>Header Files</Filter>
    </ClInclude>
    <ClInclude Include="Behaviours\T-03\B-317\S-317-00.hpp">
      <Filter>Header Files</Filter>
    </ClInclude>
    <ClInclude Include="Behaviours\T-03\B-318\B-318.hpp">
      <Filter>Header Files</Filter>
    </ClInclude>
    <ClInclude Include="Behaviours\T-03\B-318\S-318-00.hpp">
      <Filter>Header Files</Filter>
    </ClInclude>
    <ClInclude Include="Behaviours\T-03\B-319\B-319.hpp">
      <Filter>Header Files</Filter>
    </ClInclude>
    <ClInclude Include="Behaviours\T-03\B-319\S-319-00.hpp">
      <Filter>Header Files</Filter>
    </ClInclude>
    <ClInclude Include="Behaviours\T-05\B-500\B-500.hpp">
      <Filter>Header Files</Filter>
    </ClInclude>
    <ClInclude Include="Behaviours\T-05\B-500\S-500-00.hpp">
      <Filter>Header Files</Filter>
    </ClInclude>
    <ClInclude Include="Behaviours\T-05\B-501\B-501.hpp">
      <Filter>Header Files</Filter>
    </ClInclude>
    <ClInclude Include="Behaviours\T-05\B-501\S-501-00.hpp">
      <Filter>Header Files</Filter>
    </ClInclude>
    <ClInclude Include="Behaviours\T-05\B-502\B-502.hpp">
      <Filter>Header Files</Filter>
    </ClInclude>
    <ClInclude Include="Behaviours\T-05\B-502\S-502-00.hpp">
      <Filter>Header Files</Filter>
    </ClInclude>
    <ClInclude Include="Behaviours\T-05\B-503\B-503.hpp">
      <Filter>Header Files</Filter>
    </ClInclude>
    <ClInclude Include="Behaviours\T-05\B-503\S-503-00.hpp">
      <Filter>Header Files</Filter>
    </ClInclude>
    <ClInclude Include="Behaviours\T-05\B-504\B-504.hpp">
      <Filter>Header Files</Filter>
    </ClInclude>
    <ClInclude Include="Behaviours\T-05\B-504\S-504-00.hpp">
      <Filter>Header Files</Filter>
    </ClInclude>
    <ClInclude Include="Behaviours\T-05\B-505\B-505.hpp">
      <Filter>Header Files</Filter>
    </ClInclude>
    <ClInclude Include="Behaviours\T-05\B-505\S-505-00.hpp">
      <Filter>Header Files</Filter>
    </ClInclude>
    <ClInclude Include="Behaviours\T-05\B-506\B-506.hpp">
      <Filter>Header Files</Filter>
    </ClInclude>
    <ClInclude Include="Behaviours\T-05\B-506\S-506-00.hpp">
      <Filter>Header Files</Filter>
    </ClInclude>
    <ClInclude Include="Behaviours\T-05\B-507\B-507.hpp">
      <Filter>Header Files</Filter>
    </ClInclude>
    <ClInclude Include="Behaviours\T-05\B-507\S-507-00.hpp">
      <Filter>Header Files</Filter>
    </ClInclude>
    <ClInclude Include="Behaviours\T-05\B-508\B-508.hpp">
      <Filter>Header Files</Filter>
    </ClInclude>
    <ClInclude Include="Behaviours\T-05\B-508\S-508-00.hpp">
      <Filter>Header Files</Filter>
    </ClInclude>
    <ClInclude Include="Behaviours\T-05\B-509\B-509.hpp">
      <Filter>Header Files</Filter>
    </ClInclude>
    <ClInclude Include="Behaviours\T-05\B-509\S-509-00.hpp">
      <Filter>Header Files</Filter>
    </ClInclude>
    <ClInclude Include="Behaviours\T-05\B-510\B-510.hpp">
      <Filter>Header Files</Filter>
    </ClInclude>
    <ClInclude Include="Behaviours\T-05\B-510\S-510-00.hpp">
      <Filter>Header Files</Filter>
    </ClInclude>
    <ClInclude Include="Behaviours\T-05\B-511\B-511.hpp">
      <Filter>Header Files</Filter>
    </ClInclude>
    <ClInclude Include="Behaviours\T-05\B-511\S-511-00.hpp">
      <Filter>Header Files</Filter>
    </ClInclude>
    <ClInclude Include="Behaviours\T-05\B-512\B-512.hpp">
      <Filter>Header Files</Filter>
    </ClInclude>
    <ClInclude Include="Behaviours\T-05\B-512\S-512-00.hpp">
      <Filter>Header Files</Filter>
    </ClInclude>
    <ClInclude Include="Behaviours\T-05\B-513\B-513.hpp">
      <Filter>Header Files</Filter>
    </ClInclude>
    <ClInclude Include="Behaviours\T-05\B-513\S-513-00.hpp">
      <Filter>Header Files</Filter>
    </ClInclude>
    <ClInclude Include="Behaviours\T-05\B-514\B-514.hpp">
      <Filter>Header Files</Filter>
    </ClInclude>
    <ClInclude Include="Behaviours\T-05\B-514\S-514-00.hpp">
      <Filter>Header Files</Filter>
    </ClInclude>
    <ClInclude Include="Behaviours\T-06\B-600\B-600.hpp">
      <Filter>Header Files</Filter>
    </ClInclude>
    <ClInclude Include="Behaviours\T-06\B-600\S-600-00.hpp">
      <Filter>Header Files</Filter>
    </ClInclude>
    <ClInclude Include="Behaviours\T-06\B-601\B-601.hpp">
      <Filter>Header Files</Filter>
    </ClInclude>
    <ClInclude Include="Behaviours\T-06\B-601\S-601-00.hpp">
      <Filter>Header Files</Filter>
    </ClInclude>
    <ClInclude Include="Behaviours\T-06\B-601\S-601-01.hpp">
      <Filter>Header Files</Filter>
    </ClInclude>
    <ClInclude Include="Behaviours\T-06\B-602\B-602.hpp">
      <Filter>Header Files</Filter>
    </ClInclude>
    <ClInclude Include="Behaviours\T-06\B-602\S-602-00.hpp">
      <Filter>Header Files</Filter>
    </ClInclude>
    <ClInclude Include="Behaviours\T-06\B-603\B-603.hpp">
      <Filter>Header Files</Filter>
    </ClInclude>
    <ClInclude Include="Behaviours\T-06\B-603\S-603-00.hpp">
      <Filter>Header Files</Filter>
    </ClInclude>
    <ClInclude Include="Behaviours\T-06\B-604\B-604.hpp">
      <Filter>Header Files</Filter>
    </ClInclude>
    <ClInclude Include="Behaviours\T-06\B-604\S-604-00.hpp">
      <Filter>Header Files</Filter>
    </ClInclude>
    <ClInclude Include="Behaviours\T-06\B-605\B-605.hpp">
      <Filter>Header Files</Filter>
    </ClInclude>
    <ClInclude Include="Behaviours\T-06\B-605\S-605-00.hpp">
      <Filter>Header Files</Filter>
    </ClInclude>
    <ClInclude Include="Behaviours\T-06\B-606\B-606.hpp">
      <Filter>Header Files</Filter>
    </ClInclude>
    <ClInclude Include="Behaviours\T-06\B-606\S-606-00.hpp">
      <Filter>Header Files</Filter>
    </ClInclude>
    <ClInclude Include="Behaviours\T-06\B-607\B-607.hpp">
      <Filter>Header Files</Filter>
    </ClInclude>
    <ClInclude Include="Behaviours\T-06\B-607\S-607-00.hpp">
      <Filter>Header Files</Filter>
    </ClInclude>
    <ClInclude Include="Behaviours\T-06\B-608\B-608.hpp">
      <Filter>Header Files</Filter>
    </ClInclude>
    <ClInclude Include="Behaviours\T-06\B-608\S-608-00.hpp">
      <Filter>Header Files</Filter>
    </ClInclude>
    <ClInclude Include="Behaviours\T-06\B-609\B-609.hpp">
      <Filter>Header Files</Filter>
    </ClInclude>
    <ClInclude Include="Behaviours\T-06\B-609\S-609-00.hpp">
      <Filter>Header Files</Filter>
    </ClInclude>
    <ClInclude Include="Behaviours\T-06\B-610\B-610.hpp">
      <Filter>Header Files</Filter>
    </ClInclude>
    <ClInclude Include="Behaviours\T-06\B-610\S-610-00.hpp">
      <Filter>Header Files</Filter>
    </ClInclude>
    <ClInclude Include="Behaviours\T-06\B-611\B-611.hpp">
      <Filter>Header Files</Filter>
    </ClInclude>
    <ClInclude Include="Behaviours\T-06\B-611\S-611-00.hpp">
      <Filter>Header Files</Filter>
    </ClInclude>
    <ClInclude Include="Behaviours\T-06\B-612\B-612.hpp">
      <Filter>Header Files</Filter>
    </ClInclude>
    <ClInclude Include="Behaviours\T-06\B-612\S-612-00.hpp">
      <Filter>Header Files</Filter>
    </ClInclude>
    <ClInclude Include="Behaviours\T-06\B-613\B-613.hpp">
      <Filter>Header Files</Filter>
    </ClInclude>
    <ClInclude Include="Behaviours\T-06\B-613\S-613-00.hpp">
      <Filter>Header Files</Filter>
    </ClInclude>
    <ClInclude Include="Behaviours\T-07\B-702\B-702.hpp">
      <Filter>Header Files</Filter>
    </ClInclude>
    <ClInclude Include="Behaviours\T-07\B-702\S-702-00.hpp">
      <Filter>Header Files</Filter>
    </ClInclude>
    <ClInclude Include="Behaviours\T-07\B-703\B-703.hpp">
      <Filter>Header Files</Filter>
    </ClInclude>
    <ClInclude Include="Behaviours\T-07\B-703\S-703-00.hpp">
      <Filter>Header Files</Filter>
    </ClInclude>
    <ClInclude Include="Behaviours\T-07\B-704\B-704.hpp">
      <Filter>Header Files</Filter>
    </ClInclude>
    <ClInclude Include="Behaviours\T-07\B-704\S-704-00.hpp">
      <Filter>Header Files</Filter>
    </ClInclude>
    <ClInclude Include="Behaviours\T-07\B-704\S-704-01.hpp">
      <Filter>Header Files</Filter>
    </ClInclude>
    <ClInclude Include="Behaviours\T-07\B-705\B-705.hpp">
      <Filter>Header Files</Filter>
    </ClInclude>
    <ClInclude Include="Behaviours\T-07\B-705\S-705-00.hpp">
      <Filter>Header Files</Filter>
    </ClInclude>
    <ClInclude Include="Behaviours\T-07\B-706\B-706.hpp">
      <Filter>Header Files</Filter>
    </ClInclude>
    <ClInclude Include="Behaviours\T-07\B-706\S-706-00.hpp">
      <Filter>Header Files</Filter>
    </ClInclude>
    <ClInclude Include="Behaviours\T-08\B-800\B-800.hpp">
      <Filter>Header Files</Filter>
    </ClInclude>
    <ClInclude Include="Behaviours\T-08\B-800\S-800-00.hpp">
      <Filter>Header Files</Filter>
    </ClInclude>
    <ClInclude Include="Behaviours\T-08\B-801\B-801.hpp">
      <Filter>Header Files</Filter>
    </ClInclude>
    <ClInclude Include="Behaviours\T-08\B-801\S-801-00.hpp">
      <Filter>Header Files</Filter>
    </ClInclude>
    <ClInclude Include="Behaviours\T-08\B-802\B-802.hpp">
      <Filter>Header Files</Filter>
    </ClInclude>
    <ClInclude Include="Behaviours\T-08\B-802\S-802-00.hpp">
      <Filter>Header Files</Filter>
    </ClInclude>
    <ClInclude Include="Behaviours\T-08\B-803\B-803.hpp">
      <Filter>Header Files</Filter>
    </ClInclude>
    <ClInclude Include="Behaviours\T-08\B-803\S-803-00.hpp">
      <Filter>Header Files</Filter>
    </ClInclude>
    <ClInclude Include="Behaviours\T-08\B-804\B-804.hpp">
      <Filter>Header Files</Filter>
    </ClInclude>
    <ClInclude Include="Behaviours\T-08\B-804\S-804-00.hpp">
      <Filter>Header Files</Filter>
    </ClInclude>
    <ClInclude Include="Behaviours\T-08\B-805\S-805-00.hpp">
      <Filter>Header Files</Filter>
    </ClInclude>
    <ClInclude Include="Behaviours\T-08\B-806\B-806.hpp">
      <Filter>Header Files</Filter>
    </ClInclude>
    <ClInclude Include="Behaviours\T-08\B-806\S-806-00.hpp">
      <Filter>Header Files</Filter>
    </ClInclude>
    <ClInclude Include="Behaviours\T-08\B-808\B-808.hpp">
      <Filter>Header Files</Filter>
    </ClInclude>
    <ClInclude Include="Behaviours\T-08\B-808\S-808-00.hpp">
      <Filter>Header Files</Filter>
    </ClInclude>
    <ClInclude Include="Behaviours\T-08\B-809\B-809.hpp">
      <Filter>Header Files</Filter>
    </ClInclude>
    <ClInclude Include="Behaviours\T-08\B-809\S-809-00.hpp">
      <Filter>Header Files</Filter>
    </ClInclude>
    <ClInclude Include="Behaviours\T-08\B-810\B-810.hpp">
      <Filter>Header Files</Filter>
    </ClInclude>
    <ClInclude Include="Behaviours\T-08\B-810\S-810-00.hpp">
      <Filter>Header Files</Filter>
    </ClInclude>
    <ClInclude Include="Behaviours\T-08\B-811\S-811-00.hpp">
      <Filter>Header Files</Filter>
    </ClInclude>
    <ClInclude Include="Behaviours\T-08\B-812\B-812.hpp">
      <Filter>Header Files</Filter>
    </ClInclude>
    <ClInclude Include="Behaviours\T-08\B-813\B-813.hpp">
      <Filter>Header Files</Filter>
    </ClInclude>
    <ClInclude Include="Behaviours\T-08\B-813\S-813-00.hpp">
      <Filter>Header Files</Filter>
    </ClInclude>
    <ClInclude Include="Behaviours\T-08\B-814\B-814.hpp">
      <Filter>Header Files</Filter>
    </ClInclude>
    <ClInclude Include="Behaviours\T-08\B-814\S-814-00.hpp">
      <Filter>Header Files</Filter>
    </ClInclude>
    <ClInclude Include="Behaviours\T-08\B-814\S-814-01.hpp">
      <Filter>Header Files</Filter>
    </ClInclude>
    <ClInclude Include="Behaviours\T-08\B-815\B-815.hpp">
      <Filter>Header Files</Filter>
    </ClInclude>
    <ClInclude Include="Behaviours\T-08\B-815\S-815-00.hpp">
      <Filter>Header Files</Filter>
    </ClInclude>
    <ClInclude Include="Behaviours\T-08\B-816\B-816.hpp">
      <Filter>Header Files</Filter>
    </ClInclude>
    <ClInclude Include="Behaviours\T-08\B-816\S-816-00.hpp">
      <Filter>Header Files</Filter>
    </ClInclude>
    <ClInclude Include="Behaviours\T-08\B-817\B-817.hpp">
      <Filter>Header Files</Filter>
    </ClInclude>
    <ClInclude Include="Behaviours\T-08\B-817\S-817-00.hpp">
      <Filter>Header Files</Filter>
    </ClInclude>
    <ClInclude Include="Behaviours\T-08\B-818\B-818.hpp">
      <Filter>Header Files</Filter>
    </ClInclude>
    <ClInclude Include="Behaviours\T-08\B-818\S-818-00.hpp">
      <Filter>Header Files</Filter>
    </ClInclude>
    <ClInclude Include="Behaviours\T-08\B-819\B-819.hpp">
      <Filter>Header Files</Filter>
    </ClInclude>
    <ClInclude Include="Behaviours\T-08\B-819\S-819-00.hpp">
      <Filter>Header Files</Filter>
    </ClInclude>
    <ClInclude Include="Behaviours\T-08\B-820\B-820.hpp">
      <Filter>Header Files</Filter>
    </ClInclude>
    <ClInclude Include="Behaviours\T-08\B-820\S-820-00.hpp">
      <Filter>Header Files</Filter>
    </ClInclude>
    <ClInclude Include="Behaviours\T-08\B-821\B-821.hpp">
      <Filter>Header Files</Filter>
    </ClInclude>
    <ClInclude Include="Behaviours\T-08\B-821\S-821-00.hpp">
      <Filter>Header Files</Filter>
    </ClInclude>
    <ClInclude Include="Behaviours\T-08\B-822\B-822.hpp">
      <Filter>Header Files</Filter>
    </ClInclude>
    <ClInclude Include="Behaviours\T-08\B-822\S-822-00.hpp">
      <Filter>Header Files</Filter>
    </ClInclude>
    <ClInclude Include="Behaviours\T-08\B-823\B-823.hpp">
      <Filter>Header Files</Filter>
    </ClInclude>
    <ClInclude Include="Behaviours\T-08\B-823\S-823-00.hpp">
      <Filter>Header Files</Filter>
    </ClInclude>
    <ClInclude Include="Behaviours\T-08\B-824\B-824.hpp">
      <Filter>Header Files</Filter>
    </ClInclude>
    <ClInclude Include="Behaviours\T-08\B-824\S-824-00.hpp">
      <Filter>Header Files</Filter>
    </ClInclude>
    <ClInclude Include="Behaviours\T-08\B-825\B-825.hpp">
      <Filter>Header Files</Filter>
    </ClInclude>
    <ClInclude Include="Behaviours\T-08\B-825\S-825-00.hpp">
      <Filter>Header Files</Filter>
    </ClInclude>
    <ClInclude Include="Behaviours\T-08\B-805\B-805.hpp">
      <Filter>Header Files</Filter>
    </ClInclude>
    <ClInclude Include="Behaviours\T-08\B-807\B-807.hpp">
      <Filter>Header Files</Filter>
    </ClInclude>
    <ClInclude Include="Behaviours\T-08\B-807\S-807-00.hpp">
      <Filter>Header Files</Filter>
    </ClInclude>
    <ClInclude Include="Behaviours\T-08\B-812\S-812-00.hpp">
      <Filter>Header Files</Filter>
    </ClInclude>
    <ClInclude Include="Behaviours\T-13\B-1300\B-1300.hpp">
      <Filter>Header Files</Filter>
    </ClInclude>
    <ClInclude Include="Behaviours\T-13\B-1301\B-1301.hpp">
      <Filter>Header Files</Filter>
    </ClInclude>
    <ClInclude Include="Behaviours\T-13\B-1301\S-1301-00.hpp">
      <Filter>Header Files</Filter>
    </ClInclude>
    <ClInclude Include="Behaviours\T-13\B-1302\B-1302.hpp">
      <Filter>Header Files</Filter>
    </ClInclude>
    <ClInclude Include="Behaviours\T-13\B-1302\S-1302-00.hpp">
      <Filter>Header Files</Filter>
    </ClInclude>
    <ClInclude Include="Behaviours\T-13\B-1303\B-1303.hpp">
      <Filter>Header Files</Filter>
    </ClInclude>
    <ClInclude Include="Behaviours\T-13\B-1303\S-1303-00.hpp">
      <Filter>Header Files</Filter>
    </ClInclude>
    <ClInclude Include="Behaviours\T-13\B-1300\S-1300-00.hpp">
      <Filter>Header Files</Filter>
    </ClInclude>
  </ItemGroup>
  <ItemGroup>
    <Text Include="Debug\vcpkg.applocal.log" />
    <Text Include="Debug\Talkers.Build.CppClean.log" />
    <Text Include="Debug\Talkers.log" />
  </ItemGroup>
  <ItemGroup>
    <None Include="Debug\Talkers.vcxproj.CopyComplete" />
    <None Include="Debug\vc141.pdb" />
    <None Include="Behaviours\T-08\B-811\B-811.hpp" />
  </ItemGroup>
</Project>