<?xml version="1.0" encoding="utf-8"?>
<Project ToolsVersion="4.0" xmlns="http://schemas.microsoft.com/developer/msbuild/2003">
  <ItemGroup>
    <Filter Include="Source Files">
      <UniqueIdentifier>{4FC737F1-C7A5-4376-A066-2A32D752A2FF}</UniqueIdentifier>
      <Extensions>cpp;c;cc;cxx;def;odl;idl;hpj;bat;asm;asmx</Extensions>
    </Filter>
    <Filter Include="Header Files">
      <UniqueIdentifier>{93995380-89BD-4b04-88EB-625FBE52EBFB}</UniqueIdentifier>
      <Extensions>h;hh;hpp;hxx;hm;inl;inc;xsd</Extensions>
    </Filter>
    <Filter Include="Resource Files">
      <UniqueIdentifier>{67DA6AB6-F800-4c08-8B7A-83BB121AAD01}</UniqueIdentifier>
      <Extensions>rc;ico;cur;bmp;dlg;rc2;rct;bin;rgs;gif;jpg;jpeg;jpe;resx;tiff;tif;png;wav</Extensions>
    </Filter>
  </ItemGroup>
  <ItemGroup>
    <ClCompile Include="main.cpp">
      <Filter>Source Files</Filter>
    </ClCompile>
    <ClCompile Include="behaviours\Behaviour.cpp">
      <Filter>Source Files</Filter>
    </ClCompile>
    <ClCompile Include="behaviours\getBehaviour.cpp">
      <Filter>Source Files</Filter>
    </ClCompile>
    <ClCompile Include="behaviours\getOutput.cpp">
      <Filter>Source Files</Filter>
    </ClCompile>
    <ClCompile Include="behaviours\Output.cpp">
      <Filter>Source Files</Filter>
    </ClCompile>
    <ClCompile Include="behaviours\b-000\B-000.cpp">
      <Filter>Source Files</Filter>
    </ClCompile>
    <ClCompile Include="core\Core.cpp">
      <Filter>Source Files</Filter>
    </ClCompile>
    <ClCompile Include="core\Machine.cpp">
      <Filter>Source Files</Filter>
    </ClCompile>
    <ClCompile Include="Behaviours\B-102\B-102.cpp">
      <Filter>Source Files</Filter>
    </ClCompile>
    <ClCompile Include="Behaviours\B-100\B-100.cpp">
      <Filter>Source Files</Filter>
    </ClCompile>
    <ClCompile Include="Behaviours\B-100\S-100-00.cpp">
      <Filter>Source Files</Filter>
    </ClCompile>
  </ItemGroup>
  <ItemGroup>
    <ClInclude Include="behaviours\Behaviour.hpp">
      <Filter>Header Files</Filter>
    </ClInclude>
    <ClInclude Include="behaviours\Message.hpp">
      <Filter>Header Files</Filter>
    </ClInclude>
    <ClInclude Include="behaviours\Output.hpp">
      <Filter>Header Files</Filter>
    </ClInclude>
    <ClInclude Include="behaviours\b-000\B-000.hpp">
      <Filter>Header Files</Filter>
    </ClInclude>
    <ClInclude Include="core\Core.hpp">
      <Filter>Header Files</Filter>
    </ClInclude>
    <ClInclude Include="core\Machine.hpp">
      <Filter>Header Files</Filter>
    </ClInclude>
    <ClInclude Include="core\Tree.hpp">
      <Filter>Header Files</Filter>
    </ClInclude>
    <ClInclude Include="utils\Random.hpp">
      <Filter>Header Files</Filter>
    </ClInclude>
    <ClInclude Include="utils\StateValue.hpp">
      <Filter>Header Files</Filter>
    </ClInclude>
    <ClInclude Include="Behaviours\B-102\S-102-00.hpp">
      <Filter>Header Files</Filter>
    </ClInclude>
    <ClInclude Include="Behaviours\B-102\B-102.hpp">
      <Filter>Header Files</Filter>
    </ClInclude>
    <ClInclude Include="Behaviours\B-100\B-100.hpp">
      <Filter>Header Files</Filter>
    </ClInclude>
    <ClInclude Include="Behaviours\B-100\S-100-00.hpp">
      <Filter>Header Files</Filter>
    </ClInclude>
  </ItemGroup>
</Project>