
Microsoft Visual Studio Solution File, Format Version 12.00
# Visual Studio 15
VisualStudioVersion = 15.0.28307.902
MinimumVisualStudioVersion = 10.0.40219.1
Project("{8BC9CEB8-8B4A-11D0-8D11-00A0C91BC942}") = "Talkers", "Talkers\Talkers.vcxproj", "{5E0ED3C5-626E-4FED-B11C-73D286CBA31B}"
EndProject
Project("{8BC9CEB8-8B4A-11D0-8D11-00A0C91BC942}") = "Common", "Common\Common.vcxproj", "{8ECAC316-3D57-4642-AF8E-7A0BC601574F}"
EndProject
Global
	GlobalSection(SolutionConfigurationPlatforms) = preSolution
		Debug|x64 = Debug|x64
		Debug|x86 = Debug|x86
		Release|x64 = Release|x64
		Release|x86 = Release|x86
	EndGlobalSection
	GlobalSection(ProjectConfigurationPlatforms) = postSolution
		{5E0ED3C5-626E-4FED-B11C-73D286CBA31B}.Debug|x64.ActiveCfg = Debug|x64
		{5E0ED3C5-626E-4FED-B11C-73D286CBA31B}.Debug|x64.Build.0 = Debug|x64
		{5E0ED3C5-626E-4FED-B11C-73D286CBA31B}.Debug|x86.ActiveCfg = Debug|Win32
		{5E0ED3C5-626E-4FED-B11C-73D286CBA31B}.Debug|x86.Build.0 = Debug|Win32
		{5E0ED3C5-626E-4FED-B11C-73D286CBA31B}.Release|x64.ActiveCfg = Release|x64
		{5E0ED3C5-626E-4FED-B11C-73D286CBA31B}.Release|x64.Build.0 = Release|x64
		{5E0ED3C5-626E-4FED-B11C-73D286CBA31B}.Release|x86.ActiveCfg = Release|Win32
		{5E0ED3C5-626E-4FED-B11C-73D286CBA31B}.Release|x86.Build.0 = Release|Win32
		{8ECAC316-3D57-4642-AF8E-7A0BC601574F}.Debug|x64.ActiveCfg = Debug|x64
		{8ECAC316-3D57-4642-AF8E-7A0BC601574F}.Debug|x64.Build.0 = Debug|x64
		{8ECAC316-3D57-4642-AF8E-7A0BC601574F}.Debug|x86.ActiveCfg = Debug|Win32
		{8ECAC316-3D57-4642-AF8E-7A0BC601574F}.Debug|x86.Build.0 = Debug|Win32
		{8ECAC316-3D57-4642-AF8E-7A0BC601574F}.Release|x64.ActiveCfg = Release|x64
		{8ECAC316-3D57-4642-AF8E-7A0BC601574F}.Release|x64.Build.0 = Release|x64
		{8ECAC316-3D57-4642-AF8E-7A0BC601574F}.Release|x86.ActiveCfg = Release|Win32
		{8ECAC316-3D57-4642-AF8E-7A0BC601574F}.Release|x86.Build.0 = Release|Win32
	EndGlobalSection
	GlobalSection(SolutionProperties) = preSolution
		HideSolutionNode = FALSE
	EndGlobalSection
	GlobalSection(ExtensibilityGlobals) = postSolution
		SolutionGuid = {BB6D52E9-BF19-4CCB-8FC0-BB37BC407983}
	EndGlobalSection
EndGlobal
